
Microsoft Visual Studio Solution File, Format Version 12.00
# Visual Studio 15
Project("{FAE04EC0-301F-11D3-BF4B-00C04F79EFBC}") = "Assembly-CSharp", "Assembly-CSharp.csproj", "{AC665245-5F0E-ECB5-46F3-94C4E5E0EA36}"
EndProject
Global
	GlobalSection(SolutionConfigurationPlatforms) = preSolution
		Debug|Any CPU = Debug|Any CPU
		Release|Any CPU = Release|Any CPU
	EndGlobalSection
	GlobalSection(ProjectConfigurationPlatforms) = postSolution
		{AC665245-5F0E-ECB5-46F3-94C4E5E0EA36}.Debug|Any CPU.ActiveCfg = Debug|Any CPU
		{AC665245-5F0E-ECB5-46F3-94C4E5E0EA36}.Debug|Any CPU.Build.0 = Debug|Any CPU
		{AC665245-5F0E-ECB5-46F3-94C4E5E0EA36}.Release|Any CPU.ActiveCfg = Release|Any CPU
		{AC665245-5F0E-ECB5-46F3-94C4E5E0EA36}.Release|Any CPU.Build.0 = Release|Any CPU
	EndGlobalSection
	GlobalSection(SolutionProperties) = preSolution
		HideSolutionNode = FALSE
	EndGlobalSection
EndGlobal
